
Microsoft Visual Studio Solution File, Format Version 12.00
# Visual Studio 15
VisualStudioVersion = 15.0.28307.645
MinimumVisualStudioVersion = 10.0.40219.1
Project("{8BC9CEB8-8B4A-11D0-8D11-00A0C91BC942}") = "misclibq", "..\misclibq\misclibq.vcxproj", "{F2F381C6-FC0A-4C50-91D6-A7D410EFDB6C}"
EndProject
Project("{8BC9CEB8-8B4A-11D0-8D11-00A0C91BC942}") = "ogg_static", "..\libogg-1.1.3\win32\ogg_static.vcxproj", "{7A1DA762-D12F-403D-898F-8B1F0CBD59E0}"
EndProject
Project("{8BC9CEB8-8B4A-11D0-8D11-00A0C91BC942}") = "libvorbis", "..\libvorbis-1.2.0\win32\VS2005\libvorbis\libvorbis.vcxproj", "{3A214E06-B95E-4D61-A291-1F8DF2EC10FD}"
EndProject
Project("{8BC9CEB8-8B4A-11D0-8D11-00A0C91BC942}") = "libvorbisfile", "..\libvorbis-1.2.0\win32\VS2005\libvorbisfile\libvorbisfile.vcxproj", "{CEBDE98B-A6AA-46E6-BC79-FAAF823DB9EC}"
EndProject
Project("{8BC9CEB8-8B4A-11D0-8D11-00A0C91BC942}") = "libtheora", "..\libtheora-1.0beta3\win32\VS2005\libtheora\libtheora.vcxproj", "{653F3841-3F26-49B9-AFCF-091DB4B67031}"
EndProject
Project("{8BC9CEB8-8B4A-11D0-8D11-00A0C91BC942}") = "engqtest", "..\engqtest\engqtest.vcxproj", "{4D76C5EA-DDA1-490F-8476-96163BCB3D1A}"
	ProjectSection(ProjectDependencies) = postProject
		{3A214E06-B95E-4D61-A291-1F8DF2EC10FD} = {3A214E06-B95E-4D61-A291-1F8DF2EC10FD}
		{5AE1FE21-0705-49EC-A3CD-E094095DF7F5} = {5AE1FE21-0705-49EC-A3CD-E094095DF7F5}
		{A3A84737-5017-4577-B8A2-79429A25B8B6} = {A3A84737-5017-4577-B8A2-79429A25B8B6}
		{653F3841-3F26-49B9-AFCF-091DB4B67031} = {653F3841-3F26-49B9-AFCF-091DB4B67031}
		{7A1DA762-D12F-403D-898F-8B1F0CBD59E0} = {7A1DA762-D12F-403D-898F-8B1F0CBD59E0}
		{CEBDE98B-A6AA-46E6-BC79-FAAF823DB9EC} = {CEBDE98B-A6AA-46E6-BC79-FAAF823DB9EC}
		{0B3F82A9-D1FE-459A-A08B-FA6058DE893F} = {0B3F82A9-D1FE-459A-A08B-FA6058DE893F}
		{F2F381C6-FC0A-4C50-91D6-A7D410EFDB6C} = {F2F381C6-FC0A-4C50-91D6-A7D410EFDB6C}
	EndProjectSection
EndProject
Project("{8BC9CEB8-8B4A-11D0-8D11-00A0C91BC942}") = "newcarena", "newcarena.vcxproj", "{6784E137-F833-44D5-9646-CB135C75F2E8}"
	ProjectSection(ProjectDependencies) = postProject
		{A3A84737-5017-4577-B8A2-79429A25B8B6} = {A3A84737-5017-4577-B8A2-79429A25B8B6}
		{7A1DA762-D12F-403D-898F-8B1F0CBD59E0} = {7A1DA762-D12F-403D-898F-8B1F0CBD59E0}
		{CEBDE98B-A6AA-46E6-BC79-FAAF823DB9EC} = {CEBDE98B-A6AA-46E6-BC79-FAAF823DB9EC}
		{0B3F82A9-D1FE-459A-A08B-FA6058DE893F} = {0B3F82A9-D1FE-459A-A08B-FA6058DE893F}
		{F2F381C6-FC0A-4C50-91D6-A7D410EFDB6C} = {F2F381C6-FC0A-4C50-91D6-A7D410EFDB6C}
	EndProjectSection
EndProject
Project("{8BC9CEB8-8B4A-11D0-8D11-00A0C91BC942}") = "engq", "..\engq\engq.vcxproj", "{5AE1FE21-0705-49EC-A3CD-E094095DF7F5}"
EndProject
Project("{8BC9CEB8-8B4A-11D0-8D11-00A0C91BC942}") = "lua", "..\lua\lua.vcxproj", "{0B3F82A9-D1FE-459A-A08B-FA6058DE893F}"
EndProject
Project("{8BC9CEB8-8B4A-11D0-8D11-00A0C91BC942}") = "tinyxmlSTL", "..\tinyxml\tinyxmlSTL.vcxproj", "{A3A84737-5017-4577-B8A2-79429A25B8B6}"
EndProject
Global
	GlobalSection(SolutionConfigurationPlatforms) = preSolution
		Debug_RTL_dll|Win32 = Debug_RTL_dll|Win32
		Debug|Win32 = Debug|Win32
		DLL Debug|Win32 = DLL Debug|Win32
		DLL Release|Win32 = DLL Release|Win32
		DLL VB|Win32 = DLL VB|Win32
		LIB Debug|Win32 = LIB Debug|Win32
		LIB Release|Win32 = LIB Release|Win32
		Release_RTL_dll|Win32 = Release_RTL_dll|Win32
		Release_SSE|Win32 = Release_SSE|Win32
		Release_SSE2|Win32 = Release_SSE2|Win32
		Release|Win32 = Release|Win32
	EndGlobalSection
	GlobalSection(ProjectConfigurationPlatforms) = postSolution
		{F2F381C6-FC0A-4C50-91D6-A7D410EFDB6C}.Debug_RTL_dll|Win32.ActiveCfg = Debug|Win32
		{F2F381C6-FC0A-4C50-91D6-A7D410EFDB6C}.Debug_RTL_dll|Win32.Build.0 = Debug|Win32
		{F2F381C6-FC0A-4C50-91D6-A7D410EFDB6C}.Debug|Win32.ActiveCfg = Debug|Win32
		{F2F381C6-FC0A-4C50-91D6-A7D410EFDB6C}.Debug|Win32.Build.0 = Debug|Win32
		{F2F381C6-FC0A-4C50-91D6-A7D410EFDB6C}.DLL Debug|Win32.ActiveCfg = Debug|Win32
		{F2F381C6-FC0A-4C50-91D6-A7D410EFDB6C}.DLL Debug|Win32.Build.0 = Debug|Win32
		{F2F381C6-FC0A-4C50-91D6-A7D410EFDB6C}.DLL Release|Win32.ActiveCfg = Release|Win32
		{F2F381C6-FC0A-4C50-91D6-A7D410EFDB6C}.DLL Release|Win32.Build.0 = Release|Win32
		{F2F381C6-FC0A-4C50-91D6-A7D410EFDB6C}.DLL VB|Win32.ActiveCfg = Debug|Win32
		{F2F381C6-FC0A-4C50-91D6-A7D410EFDB6C}.DLL VB|Win32.Build.0 = Debug|Win32
		{F2F381C6-FC0A-4C50-91D6-A7D410EFDB6C}.LIB Debug|Win32.ActiveCfg = Debug|Win32
		{F2F381C6-FC0A-4C50-91D6-A7D410EFDB6C}.LIB Debug|Win32.Build.0 = Debug|Win32
		{F2F381C6-FC0A-4C50-91D6-A7D410EFDB6C}.LIB Release|Win32.ActiveCfg = Release|Win32
		{F2F381C6-FC0A-4C50-91D6-A7D410EFDB6C}.LIB Release|Win32.Build.0 = Release|Win32
		{F2F381C6-FC0A-4C50-91D6-A7D410EFDB6C}.Release_RTL_dll|Win32.ActiveCfg = Release|Win32
		{F2F381C6-FC0A-4C50-91D6-A7D410EFDB6C}.Release_RTL_dll|Win32.Build.0 = Release|Win32
		{F2F381C6-FC0A-4C50-91D6-A7D410EFDB6C}.Release_SSE|Win32.ActiveCfg = Release|Win32
		{F2F381C6-FC0A-4C50-91D6-A7D410EFDB6C}.Release_SSE|Win32.Build.0 = Release|Win32
		{F2F381C6-FC0A-4C50-91D6-A7D410EFDB6C}.Release_SSE2|Win32.ActiveCfg = Release|Win32
		{F2F381C6-FC0A-4C50-91D6-A7D410EFDB6C}.Release_SSE2|Win32.Build.0 = Release|Win32
		{F2F381C6-FC0A-4C50-91D6-A7D410EFDB6C}.Release|Win32.ActiveCfg = Release|Win32
		{F2F381C6-FC0A-4C50-91D6-A7D410EFDB6C}.Release|Win32.Build.0 = Release|Win32
		{7A1DA762-D12F-403D-898F-8B1F0CBD59E0}.Debug_RTL_dll|Win32.ActiveCfg = Debug|Win32
		{7A1DA762-D12F-403D-898F-8B1F0CBD59E0}.Debug_RTL_dll|Win32.Build.0 = Debug|Win32
		{7A1DA762-D12F-403D-898F-8B1F0CBD59E0}.Debug|Win32.ActiveCfg = Debug|Win32
		{7A1DA762-D12F-403D-898F-8B1F0CBD59E0}.Debug|Win32.Build.0 = Debug|Win32
		{7A1DA762-D12F-403D-898F-8B1F0CBD59E0}.DLL Debug|Win32.ActiveCfg = Debug|Win32
		{7A1DA762-D12F-403D-898F-8B1F0CBD59E0}.DLL Debug|Win32.Build.0 = Debug|Win32
		{7A1DA762-D12F-403D-898F-8B1F0CBD59E0}.DLL Release|Win32.ActiveCfg = Release|Win32
		{7A1DA762-D12F-403D-898F-8B1F0CBD59E0}.DLL Release|Win32.Build.0 = Release|Win32
		{7A1DA762-D12F-403D-898F-8B1F0CBD59E0}.DLL VB|Win32.ActiveCfg = Debug|Win32
		{7A1DA762-D12F-403D-898F-8B1F0CBD59E0}.DLL VB|Win32.Build.0 = Debug|Win32
		{7A1DA762-D12F-403D-898F-8B1F0CBD59E0}.LIB Debug|Win32.ActiveCfg = Debug|Win32
		{7A1DA762-D12F-403D-898F-8B1F0CBD59E0}.LIB Debug|Win32.Build.0 = Debug|Win32
		{7A1DA762-D12F-403D-898F-8B1F0CBD59E0}.LIB Release|Win32.ActiveCfg = Release|Win32
		{7A1DA762-D12F-403D-898F-8B1F0CBD59E0}.LIB Release|Win32.Build.0 = Release|Win32
		{7A1DA762-D12F-403D-898F-8B1F0CBD59E0}.Release_RTL_dll|Win32.ActiveCfg = Release|Win32
		{7A1DA762-D12F-403D-898F-8B1F0CBD59E0}.Release_RTL_dll|Win32.Build.0 = Release|Win32
		{7A1DA762-D12F-403D-898F-8B1F0CBD59E0}.Release_SSE|Win32.ActiveCfg = Release|Win32
		{7A1DA762-D12F-403D-898F-8B1F0CBD59E0}.Release_SSE|Win32.Build.0 = Release|Win32
		{7A1DA762-D12F-403D-898F-8B1F0CBD59E0}.Release_SSE2|Win32.ActiveCfg = Release|Win32
		{7A1DA762-D12F-403D-898F-8B1F0CBD59E0}.Release_SSE2|Win32.Build.0 = Release|Win32
		{7A1DA762-D12F-403D-898F-8B1F0CBD59E0}.Release|Win32.ActiveCfg = Release|Win32
		{7A1DA762-D12F-403D-898F-8B1F0CBD59E0}.Release|Win32.Build.0 = Release|Win32
		{3A214E06-B95E-4D61-A291-1F8DF2EC10FD}.Debug_RTL_dll|Win32.ActiveCfg = Debug|Win32
		{3A214E06-B95E-4D61-A291-1F8DF2EC10FD}.Debug_RTL_dll|Win32.Build.0 = Debug|Win32
		{3A214E06-B95E-4D61-A291-1F8DF2EC10FD}.Debug|Win32.ActiveCfg = Debug|Win32
		{3A214E06-B95E-4D61-A291-1F8DF2EC10FD}.Debug|Win32.Build.0 = Debug|Win32
		{3A214E06-B95E-4D61-A291-1F8DF2EC10FD}.DLL Debug|Win32.ActiveCfg = Debug|Win32
		{3A214E06-B95E-4D61-A291-1F8DF2EC10FD}.DLL Debug|Win32.Build.0 = Debug|Win32
		{3A214E06-B95E-4D61-A291-1F8DF2EC10FD}.DLL Release|Win32.ActiveCfg = Release|Win32
		{3A214E06-B95E-4D61-A291-1F8DF2EC10FD}.DLL Release|Win32.Build.0 = Release|Win32
		{3A214E06-B95E-4D61-A291-1F8DF2EC10FD}.DLL VB|Win32.ActiveCfg = Debug|Win32
		{3A214E06-B95E-4D61-A291-1F8DF2EC10FD}.DLL VB|Win32.Build.0 = Debug|Win32
		{3A214E06-B95E-4D61-A291-1F8DF2EC10FD}.LIB Debug|Win32.ActiveCfg = Debug|Win32
		{3A214E06-B95E-4D61-A291-1F8DF2EC10FD}.LIB Debug|Win32.Build.0 = Debug|Win32
		{3A214E06-B95E-4D61-A291-1F8DF2EC10FD}.LIB Release|Win32.ActiveCfg = Release|Win32
		{3A214E06-B95E-4D61-A291-1F8DF2EC10FD}.LIB Release|Win32.Build.0 = Release|Win32
		{3A214E06-B95E-4D61-A291-1F8DF2EC10FD}.Release_RTL_dll|Win32.ActiveCfg = Release_SSE2|Win32
		{3A214E06-B95E-4D61-A291-1F8DF2EC10FD}.Release_RTL_dll|Win32.Build.0 = Release_SSE2|Win32
		{3A214E06-B95E-4D61-A291-1F8DF2EC10FD}.Release_SSE|Win32.ActiveCfg = Release_SSE|Win32
		{3A214E06-B95E-4D61-A291-1F8DF2EC10FD}.Release_SSE|Win32.Build.0 = Release_SSE|Win32
		{3A214E06-B95E-4D61-A291-1F8DF2EC10FD}.Release_SSE2|Win32.ActiveCfg = Release_SSE2|Win32
		{3A214E06-B95E-4D61-A291-1F8DF2EC10FD}.Release_SSE2|Win32.Build.0 = Release_SSE2|Win32
		{3A214E06-B95E-4D61-A291-1F8DF2EC10FD}.Release|Win32.ActiveCfg = Release|Win32
		{3A214E06-B95E-4D61-A291-1F8DF2EC10FD}.Release|Win32.Build.0 = Release|Win32
		{CEBDE98B-A6AA-46E6-BC79-FAAF823DB9EC}.Debug_RTL_dll|Win32.ActiveCfg = Debug|Win32
		{CEBDE98B-A6AA-46E6-BC79-FAAF823DB9EC}.Debug_RTL_dll|Win32.Build.0 = Debug|Win32
		{CEBDE98B-A6AA-46E6-BC79-FAAF823DB9EC}.Debug|Win32.ActiveCfg = Debug|Win32
		{CEBDE98B-A6AA-46E6-BC79-FAAF823DB9EC}.Debug|Win32.Build.0 = Debug|Win32
		{CEBDE98B-A6AA-46E6-BC79-FAAF823DB9EC}.DLL Debug|Win32.ActiveCfg = Debug|Win32
		{CEBDE98B-A6AA-46E6-BC79-FAAF823DB9EC}.DLL Debug|Win32.Build.0 = Debug|Win32
		{CEBDE98B-A6AA-46E6-BC79-FAAF823DB9EC}.DLL Release|Win32.ActiveCfg = Release|Win32
		{CEBDE98B-A6AA-46E6-BC79-FAAF823DB9EC}.DLL Release|Win32.Build.0 = Release|Win32
		{CEBDE98B-A6AA-46E6-BC79-FAAF823DB9EC}.DLL VB|Win32.ActiveCfg = Debug|Win32
		{CEBDE98B-A6AA-46E6-BC79-FAAF823DB9EC}.DLL VB|Win32.Build.0 = Debug|Win32
		{CEBDE98B-A6AA-46E6-BC79-FAAF823DB9EC}.LIB Debug|Win32.ActiveCfg = Debug|Win32
		{CEBDE98B-A6AA-46E6-BC79-FAAF823DB9EC}.LIB Debug|Win32.Build.0 = Debug|Win32
		{CEBDE98B-A6AA-46E6-BC79-FAAF823DB9EC}.LIB Release|Win32.ActiveCfg = Release|Win32
		{CEBDE98B-A6AA-46E6-BC79-FAAF823DB9EC}.LIB Release|Win32.Build.0 = Release|Win32
		{CEBDE98B-A6AA-46E6-BC79-FAAF823DB9EC}.Release_RTL_dll|Win32.ActiveCfg = Release|Win32
		{CEBDE98B-A6AA-46E6-BC79-FAAF823DB9EC}.Release_RTL_dll|Win32.Build.0 = Release|Win32
		{CEBDE98B-A6AA-46E6-BC79-FAAF823DB9EC}.Release_SSE|Win32.ActiveCfg = Release|Win32
		{CEBDE98B-A6AA-46E6-BC79-FAAF823DB9EC}.Release_SSE|Win32.Build.0 = Release|Win32
		{CEBDE98B-A6AA-46E6-BC79-FAAF823DB9EC}.Release_SSE2|Win32.ActiveCfg = Release|Win32
		{CEBDE98B-A6AA-46E6-BC79-FAAF823DB9EC}.Release_SSE2|Win32.Build.0 = Release|Win32
		{CEBDE98B-A6AA-46E6-BC79-FAAF823DB9EC}.Release|Win32.ActiveCfg = Release|Win32
		{CEBDE98B-A6AA-46E6-BC79-FAAF823DB9EC}.Release|Win32.Build.0 = Release|Win32
		{653F3841-3F26-49B9-AFCF-091DB4B67031}.Debug_RTL_dll|Win32.ActiveCfg = Debug_RTL_dll|Win32
		{653F3841-3F26-49B9-AFCF-091DB4B67031}.Debug_RTL_dll|Win32.Build.0 = Debug_RTL_dll|Win32
		{653F3841-3F26-49B9-AFCF-091DB4B67031}.Debug|Win32.ActiveCfg = Debug|Win32
		{653F3841-3F26-49B9-AFCF-091DB4B67031}.Debug|Win32.Build.0 = Debug|Win32
		{653F3841-3F26-49B9-AFCF-091DB4B67031}.DLL Debug|Win32.ActiveCfg = Debug|Win32
		{653F3841-3F26-49B9-AFCF-091DB4B67031}.DLL Debug|Win32.Build.0 = Debug|Win32
		{653F3841-3F26-49B9-AFCF-091DB4B67031}.DLL Release|Win32.ActiveCfg = Release|Win32
		{653F3841-3F26-49B9-AFCF-091DB4B67031}.DLL Release|Win32.Build.0 = Release|Win32
		{653F3841-3F26-49B9-AFCF-091DB4B67031}.DLL VB|Win32.ActiveCfg = Debug_RTL_dll|Win32
		{653F3841-3F26-49B9-AFCF-091DB4B67031}.DLL VB|Win32.Build.0 = Debug_RTL_dll|Win32
		{653F3841-3F26-49B9-AFCF-091DB4B67031}.LIB Debug|Win32.ActiveCfg = Debug|Win32
		{653F3841-3F26-49B9-AFCF-091DB4B67031}.LIB Debug|Win32.Build.0 = Debug|Win32
		{653F3841-3F26-49B9-AFCF-091DB4B67031}.LIB Release|Win32.ActiveCfg = Release|Win32
		{653F3841-3F26-49B9-AFCF-091DB4B67031}.LIB Release|Win32.Build.0 = Release|Win32
		{653F3841-3F26-49B9-AFCF-091DB4B67031}.Release_RTL_dll|Win32.ActiveCfg = Release_RTL_dll|Win32
		{653F3841-3F26-49B9-AFCF-091DB4B67031}.Release_RTL_dll|Win32.Build.0 = Release_RTL_dll|Win32
		{653F3841-3F26-49B9-AFCF-091DB4B67031}.Release_SSE|Win32.ActiveCfg = Release_SSE|Win32
		{653F3841-3F26-49B9-AFCF-091DB4B67031}.Release_SSE|Win32.Build.0 = Release_SSE|Win32
		{653F3841-3F26-49B9-AFCF-091DB4B67031}.Release_SSE2|Win32.ActiveCfg = Release_SSE2|Win32
		{653F3841-3F26-49B9-AFCF-091DB4B67031}.Release_SSE2|Win32.Build.0 = Release_SSE2|Win32
		{653F3841-3F26-49B9-AFCF-091DB4B67031}.Release|Win32.ActiveCfg = Release|Win32
		{653F3841-3F26-49B9-AFCF-091DB4B67031}.Release|Win32.Build.0 = Release|Win32
		{4D76C5EA-DDA1-490F-8476-96163BCB3D1A}.Debug_RTL_dll|Win32.ActiveCfg = Debug|Win32
		{4D76C5EA-DDA1-490F-8476-96163BCB3D1A}.Debug_RTL_dll|Win32.Build.0 = Debug|Win32
		{4D76C5EA-DDA1-490F-8476-96163BCB3D1A}.Debug|Win32.ActiveCfg = Debug|Win32
		{4D76C5EA-DDA1-490F-8476-96163BCB3D1A}.Debug|Win32.Build.0 = Debug|Win32
		{4D76C5EA-DDA1-490F-8476-96163BCB3D1A}.DLL Debug|Win32.ActiveCfg = Debug|Win32
		{4D76C5EA-DDA1-490F-8476-96163BCB3D1A}.DLL Debug|Win32.Build.0 = Debug|Win32
		{4D76C5EA-DDA1-490F-8476-96163BCB3D1A}.DLL Release|Win32.ActiveCfg = Release|Win32
		{4D76C5EA-DDA1-490F-8476-96163BCB3D1A}.DLL Release|Win32.Build.0 = Release|Win32
		{4D76C5EA-DDA1-490F-8476-96163BCB3D1A}.DLL VB|Win32.ActiveCfg = Debug|Win32
		{4D76C5EA-DDA1-490F-8476-96163BCB3D1A}.DLL VB|Win32.Build.0 = Debug|Win32
		{4D76C5EA-DDA1-490F-8476-96163BCB3D1A}.LIB Debug|Win32.ActiveCfg = Debug|Win32
		{4D76C5EA-DDA1-490F-8476-96163BCB3D1A}.LIB Debug|Win32.Build.0 = Debug|Win32
		{4D76C5EA-DDA1-490F-8476-96163BCB3D1A}.LIB Release|Win32.ActiveCfg = Release|Win32
		{4D76C5EA-DDA1-490F-8476-96163BCB3D1A}.LIB Release|Win32.Build.0 = Release|Win32
		{4D76C5EA-DDA1-490F-8476-96163BCB3D1A}.Release_RTL_dll|Win32.ActiveCfg = Release|Win32
		{4D76C5EA-DDA1-490F-8476-96163BCB3D1A}.Release_RTL_dll|Win32.Build.0 = Release|Win32
		{4D76C5EA-DDA1-490F-8476-96163BCB3D1A}.Release_SSE|Win32.ActiveCfg = Release|Win32
		{4D76C5EA-DDA1-490F-8476-96163BCB3D1A}.Release_SSE|Win32.Build.0 = Release|Win32
		{4D76C5EA-DDA1-490F-8476-96163BCB3D1A}.Release_SSE2|Win32.ActiveCfg = Release|Win32
		{4D76C5EA-DDA1-490F-8476-96163BCB3D1A}.Release_SSE2|Win32.Build.0 = Release|Win32
		{4D76C5EA-DDA1-490F-8476-96163BCB3D1A}.Release|Win32.ActiveCfg = Release|Win32
		{4D76C5EA-DDA1-490F-8476-96163BCB3D1A}.Release|Win32.Build.0 = Release|Win32
		{6784E137-F833-44D5-9646-CB135C75F2E8}.Debug_RTL_dll|Win32.ActiveCfg = Debug|Win32
		{6784E137-F833-44D5-9646-CB135C75F2E8}.Debug_RTL_dll|Win32.Build.0 = Debug|Win32
		{6784E137-F833-44D5-9646-CB135C75F2E8}.Debug|Win32.ActiveCfg = Debug|Win32
		{6784E137-F833-44D5-9646-CB135C75F2E8}.Debug|Win32.Build.0 = Debug|Win32
		{6784E137-F833-44D5-9646-CB135C75F2E8}.DLL Debug|Win32.ActiveCfg = Debug|Win32
		{6784E137-F833-44D5-9646-CB135C75F2E8}.DLL Debug|Win32.Build.0 = Debug|Win32
		{6784E137-F833-44D5-9646-CB135C75F2E8}.DLL Release|Win32.ActiveCfg = Release|Win32
		{6784E137-F833-44D5-9646-CB135C75F2E8}.DLL Release|Win32.Build.0 = Release|Win32
		{6784E137-F833-44D5-9646-CB135C75F2E8}.DLL VB|Win32.ActiveCfg = Debug|Win32
		{6784E137-F833-44D5-9646-CB135C75F2E8}.DLL VB|Win32.Build.0 = Debug|Win32
		{6784E137-F833-44D5-9646-CB135C75F2E8}.LIB Debug|Win32.ActiveCfg = Debug|Win32
		{6784E137-F833-44D5-9646-CB135C75F2E8}.LIB Debug|Win32.Build.0 = Debug|Win32
		{6784E137-F833-44D5-9646-CB135C75F2E8}.LIB Release|Win32.ActiveCfg = Release|Win32
		{6784E137-F833-44D5-9646-CB135C75F2E8}.LIB Release|Win32.Build.0 = Release|Win32
		{6784E137-F833-44D5-9646-CB135C75F2E8}.Release_RTL_dll|Win32.ActiveCfg = Release|Win32
		{6784E137-F833-44D5-9646-CB135C75F2E8}.Release_RTL_dll|Win32.Build.0 = Release|Win32
		{6784E137-F833-44D5-9646-CB135C75F2E8}.Release_SSE|Win32.ActiveCfg = Release|Win32
		{6784E137-F833-44D5-9646-CB135C75F2E8}.Release_SSE|Win32.Build.0 = Release|Win32
		{6784E137-F833-44D5-9646-CB135C75F2E8}.Release_SSE2|Win32.ActiveCfg = Release|Win32
		{6784E137-F833-44D5-9646-CB135C75F2E8}.Release_SSE2|Win32.Build.0 = Release|Win32
		{6784E137-F833-44D5-9646-CB135C75F2E8}.Release|Win32.ActiveCfg = Release|Win32
		{6784E137-F833-44D5-9646-CB135C75F2E8}.Release|Win32.Build.0 = Release|Win32
		{5AE1FE21-0705-49EC-A3CD-E094095DF7F5}.Debug_RTL_dll|Win32.ActiveCfg = Debug|Win32
		{5AE1FE21-0705-49EC-A3CD-E094095DF7F5}.Debug_RTL_dll|Win32.Build.0 = Debug|Win32
		{5AE1FE21-0705-49EC-A3CD-E094095DF7F5}.Debug|Win32.ActiveCfg = Debug|Win32
		{5AE1FE21-0705-49EC-A3CD-E094095DF7F5}.Debug|Win32.Build.0 = Debug|Win32
		{5AE1FE21-0705-49EC-A3CD-E094095DF7F5}.DLL Debug|Win32.ActiveCfg = Debug|Win32
		{5AE1FE21-0705-49EC-A3CD-E094095DF7F5}.DLL Debug|Win32.Build.0 = Debug|Win32
		{5AE1FE21-0705-49EC-A3CD-E094095DF7F5}.DLL Release|Win32.ActiveCfg = Release|Win32
		{5AE1FE21-0705-49EC-A3CD-E094095DF7F5}.DLL Release|Win32.Build.0 = Release|Win32
		{5AE1FE21-0705-49EC-A3CD-E094095DF7F5}.DLL VB|Win32.ActiveCfg = Debug|Win32
		{5AE1FE21-0705-49EC-A3CD-E094095DF7F5}.DLL VB|Win32.Build.0 = Debug|Win32
		{5AE1FE21-0705-49EC-A3CD-E094095DF7F5}.LIB Debug|Win32.ActiveCfg = Debug|Win32
		{5AE1FE21-0705-49EC-A3CD-E094095DF7F5}.LIB Debug|Win32.Build.0 = Debug|Win32
		{5AE1FE21-0705-49EC-A3CD-E094095DF7F5}.LIB Release|Win32.ActiveCfg = Release|Win32
		{5AE1FE21-0705-49EC-A3CD-E094095DF7F5}.LIB Release|Win32.Build.0 = Release|Win32
		{5AE1FE21-0705-49EC-A3CD-E094095DF7F5}.Release_RTL_dll|Win32.ActiveCfg = Release|Win32
		{5AE1FE21-0705-49EC-A3CD-E094095DF7F5}.Release_RTL_dll|Win32.Build.0 = Release|Win32
		{5AE1FE21-0705-49EC-A3CD-E094095DF7F5}.Release_SSE|Win32.ActiveCfg = Release|Win32
		{5AE1FE21-0705-49EC-A3CD-E094095DF7F5}.Release_SSE|Win32.Build.0 = Release|Win32
		{5AE1FE21-0705-49EC-A3CD-E094095DF7F5}.Release_SSE2|Win32.ActiveCfg = Release|Win32
		{5AE1FE21-0705-49EC-A3CD-E094095DF7F5}.Release_SSE2|Win32.Build.0 = Release|Win32
		{5AE1FE21-0705-49EC-A3CD-E094095DF7F5}.Release|Win32.ActiveCfg = Release|Win32
		{5AE1FE21-0705-49EC-A3CD-E094095DF7F5}.Release|Win32.Build.0 = Release|Win32
		{0B3F82A9-D1FE-459A-A08B-FA6058DE893F}.Debug_RTL_dll|Win32.ActiveCfg = Debug|Win32
		{0B3F82A9-D1FE-459A-A08B-FA6058DE893F}.Debug_RTL_dll|Win32.Build.0 = Debug|Win32
		{0B3F82A9-D1FE-459A-A08B-FA6058DE893F}.Debug|Win32.ActiveCfg = Debug|Win32
		{0B3F82A9-D1FE-459A-A08B-FA6058DE893F}.Debug|Win32.Build.0 = Debug|Win32
		{0B3F82A9-D1FE-459A-A08B-FA6058DE893F}.DLL Debug|Win32.ActiveCfg = Debug|Win32
		{0B3F82A9-D1FE-459A-A08B-FA6058DE893F}.DLL Debug|Win32.Build.0 = Debug|Win32
		{0B3F82A9-D1FE-459A-A08B-FA6058DE893F}.DLL Release|Win32.ActiveCfg = Release|Win32
		{0B3F82A9-D1FE-459A-A08B-FA6058DE893F}.DLL Release|Win32.Build.0 = Release|Win32
		{0B3F82A9-D1FE-459A-A08B-FA6058DE893F}.DLL VB|Win32.ActiveCfg = Debug|Win32
		{0B3F82A9-D1FE-459A-A08B-FA6058DE893F}.DLL VB|Win32.Build.0 = Debug|Win32
		{0B3F82A9-D1FE-459A-A08B-FA6058DE893F}.LIB Debug|Win32.ActiveCfg = Debug|Win32
		{0B3F82A9-D1FE-459A-A08B-FA6058DE893F}.LIB Debug|Win32.Build.0 = Debug|Win32
		{0B3F82A9-D1FE-459A-A08B-FA6058DE893F}.LIB Release|Win32.ActiveCfg = Release|Win32
		{0B3F82A9-D1FE-459A-A08B-FA6058DE893F}.LIB Release|Win32.Build.0 = Release|Win32
		{0B3F82A9-D1FE-459A-A08B-FA6058DE893F}.Release_RTL_dll|Win32.ActiveCfg = Release|Win32
		{0B3F82A9-D1FE-459A-A08B-FA6058DE893F}.Release_RTL_dll|Win32.Build.0 = Release|Win32
		{0B3F82A9-D1FE-459A-A08B-FA6058DE893F}.Release_SSE|Win32.ActiveCfg = Release|Win32
		{0B3F82A9-D1FE-459A-A08B-FA6058DE893F}.Release_SSE|Win32.Build.0 = Release|Win32
		{0B3F82A9-D1FE-459A-A08B-FA6058DE893F}.Release_SSE2|Win32.ActiveCfg = Release|Win32
		{0B3F82A9-D1FE-459A-A08B-FA6058DE893F}.Release_SSE2|Win32.Build.0 = Release|Win32
		{0B3F82A9-D1FE-459A-A08B-FA6058DE893F}.Release|Win32.ActiveCfg = Release|Win32
		{0B3F82A9-D1FE-459A-A08B-FA6058DE893F}.Release|Win32.Build.0 = Release|Win32
		{A3A84737-5017-4577-B8A2-79429A25B8B6}.Debug_RTL_dll|Win32.ActiveCfg = Debug|Win32
		{A3A84737-5017-4577-B8A2-79429A25B8B6}.Debug_RTL_dll|Win32.Build.0 = Debug|Win32
		{A3A84737-5017-4577-B8A2-79429A25B8B6}.Debug|Win32.ActiveCfg = Debug|Win32
		{A3A84737-5017-4577-B8A2-79429A25B8B6}.Debug|Win32.Build.0 = Debug|Win32
		{A3A84737-5017-4577-B8A2-79429A25B8B6}.DLL Debug|Win32.ActiveCfg = Debug|Win32
		{A3A84737-5017-4577-B8A2-79429A25B8B6}.DLL Debug|Win32.Build.0 = Debug|Win32
		{A3A84737-5017-4577-B8A2-79429A25B8B6}.DLL Release|Win32.ActiveCfg = Release|Win32
		{A3A84737-5017-4577-B8A2-79429A25B8B6}.DLL Release|Win32.Build.0 = Release|Win32
		{A3A84737-5017-4577-B8A2-79429A25B8B6}.DLL VB|Win32.ActiveCfg = Debug|Win32
		{A3A84737-5017-4577-B8A2-79429A25B8B6}.DLL VB|Win32.Build.0 = Debug|Win32
		{A3A84737-5017-4577-B8A2-79429A25B8B6}.LIB Debug|Win32.ActiveCfg = Debug|Win32
		{A3A84737-5017-4577-B8A2-79429A25B8B6}.LIB Debug|Win32.Build.0 = Debug|Win32
		{A3A84737-5017-4577-B8A2-79429A25B8B6}.LIB Release|Win32.ActiveCfg = Release|Win32
		{A3A84737-5017-4577-B8A2-79429A25B8B6}.LIB Release|Win32.Build.0 = Release|Win32
		{A3A84737-5017-4577-B8A2-79429A25B8B6}.Release_RTL_dll|Win32.ActiveCfg = Release|Win32
		{A3A84737-5017-4577-B8A2-79429A25B8B6}.Release_RTL_dll|Win32.Build.0 = Release|Win32
		{A3A84737-5017-4577-B8A2-79429A25B8B6}.Release_SSE|Win32.ActiveCfg = Release|Win32
		{A3A84737-5017-4577-B8A2-79429A25B8B6}.Release_SSE|Win32.Build.0 = Release|Win32
		{A3A84737-5017-4577-B8A2-79429A25B8B6}.Release_SSE2|Win32.ActiveCfg = Release|Win32
		{A3A84737-5017-4577-B8A2-79429A25B8B6}.Release_SSE2|Win32.Build.0 = Release|Win32
		{A3A84737-5017-4577-B8A2-79429A25B8B6}.Release|Win32.ActiveCfg = Release|Win32
		{A3A84737-5017-4577-B8A2-79429A25B8B6}.Release|Win32.Build.0 = Release|Win32
	EndGlobalSection
	GlobalSection(SolutionProperties) = preSolution
		HideSolutionNode = FALSE
	EndGlobalSection
	GlobalSection(ExtensibilityGlobals) = postSolution
		SolutionGuid = {F7A4F14D-9209-4967-9B18-ECE8AF04BF72}
	EndGlobalSection
EndGlobal
